
Microsoft Visual Studio Solution File, Format Version 12.00
# Visual Studio 15
Project("{FAE04EC0-301F-11D3-BF4B-00C04F79EFBC}") = "VuforiaScripts", "VuforiaScripts.csproj", "{BD360675-C443-0B6C-C866-234781E3611F}"
EndProject
Project("{FAE04EC0-301F-11D3-BF4B-00C04F79EFBC}") = "Assembly-CSharp", "Assembly-CSharp.csproj", "{BFFE9DBD-AD92-97E7-A222-9E72FE134F60}"
EndProject
Project("{FAE04EC0-301F-11D3-BF4B-00C04F79EFBC}") = "VuforiaEditorScripts", "VuforiaEditorScripts.csproj", "{626D8E44-8FAB-2624-9D46-13AD3F20B0AA}"
EndProject
Global
	GlobalSection(SolutionConfigurationPlatforms) = preSolution
		Debug|Any CPU = Debug|Any CPU
		Release|Any CPU = Release|Any CPU
	EndGlobalSection
	GlobalSection(ProjectConfigurationPlatforms) = postSolution
		{BD360675-C443-0B6C-C866-234781E3611F}.Debug|Any CPU.ActiveCfg = Debug|Any CPU
		{BD360675-C443-0B6C-C866-234781E3611F}.Debug|Any CPU.Build.0 = Debug|Any CPU
		{BD360675-C443-0B6C-C866-234781E3611F}.Release|Any CPU.ActiveCfg = Release|Any CPU
		{BD360675-C443-0B6C-C866-234781E3611F}.Release|Any CPU.Build.0 = Release|Any CPU
		{BFFE9DBD-AD92-97E7-A222-9E72FE134F60}.Debug|Any CPU.ActiveCfg = Debug|Any CPU
		{BFFE9DBD-AD92-97E7-A222-9E72FE134F60}.Debug|Any CPU.Build.0 = Debug|Any CPU
		{BFFE9DBD-AD92-97E7-A222-9E72FE134F60}.Release|Any CPU.ActiveCfg = Release|Any CPU
		{BFFE9DBD-AD92-97E7-A222-9E72FE134F60}.Release|Any CPU.Build.0 = Release|Any CPU
		{626D8E44-8FAB-2624-9D46-13AD3F20B0AA}.Debug|Any CPU.ActiveCfg = Debug|Any CPU
		{626D8E44-8FAB-2624-9D46-13AD3F20B0AA}.Debug|Any CPU.Build.0 = Debug|Any CPU
		{626D8E44-8FAB-2624-9D46-13AD3F20B0AA}.Release|Any CPU.ActiveCfg = Release|Any CPU
		{626D8E44-8FAB-2624-9D46-13AD3F20B0AA}.Release|Any CPU.Build.0 = Release|Any CPU
	EndGlobalSection
	GlobalSection(SolutionProperties) = preSolution
		HideSolutionNode = FALSE
	EndGlobalSection
EndGlobal
